
Microsoft Visual Studio Solution File, Format Version 12.00
# Visual Studio Version 17
VisualStudioVersion = 17.13.35913.81 d17.13
MinimumVisualStudioVersion = 10.0.40219.1
Project("{FAE04EC0-301F-11D3-BF4B-00C04F79EFBC}") = "GcdRecursion", "GcdRecursion.csproj", "{9D8ACDAF-932D-496A-9BC4-0C16FC658A27}"
EndProject
Global
	GlobalSection(SolutionConfigurationPlatforms) = preSolution
		Debug|Any CPU = Debug|Any CPU
		Release|Any CPU = Release|Any CPU
	EndGlobalSection
	GlobalSection(ProjectConfigurationPlatforms) = postSolution
		{9D8ACDAF-932D-496A-9BC4-0C16FC658A27}.Debug|Any CPU.ActiveCfg = Debug|Any CPU
		{9D8ACDAF-932D-496A-9BC4-0C16FC658A27}.Debug|Any CPU.Build.0 = Debug|Any CPU
		{9D8ACDAF-932D-496A-9BC4-0C16FC658A27}.Release|Any CPU.ActiveCfg = Release|Any CPU
		{9D8ACDAF-932D-496A-9BC4-0C16FC658A27}.Release|Any CPU.Build.0 = Release|Any CPU
	EndGlobalSection
	GlobalSection(SolutionProperties) = preSolution
		HideSolutionNode = FALSE
	EndGlobalSection
	GlobalSection(ExtensibilityGlobals) = postSolution
		SolutionGuid = {EDDA3DE9-470F-4796-BE80-35DC424AA3AD}
	EndGlobalSection
EndGlobal
