
Microsoft Visual Studio Solution File, Format Version 12.00
# Visual Studio Version 17
VisualStudioVersion = 17.13.35913.81 d17.13
MinimumVisualStudioVersion = 10.0.40219.1
Project("{FAE04EC0-301F-11D3-BF4B-00C04F79EFBC}") = "FloodFillRecursion", "FloodFillRecursion.csproj", "{D9B2827F-6ECA-4472-9EA8-9C1AD86A7909}"
EndProject
Global
	GlobalSection(SolutionConfigurationPlatforms) = preSolution
		Debug|Any CPU = Debug|Any CPU
		Release|Any CPU = Release|Any CPU
	EndGlobalSection
	GlobalSection(ProjectConfigurationPlatforms) = postSolution
		{D9B2827F-6ECA-4472-9EA8-9C1AD86A7909}.Debug|Any CPU.ActiveCfg = Debug|Any CPU
		{D9B2827F-6ECA-4472-9EA8-9C1AD86A7909}.Debug|Any CPU.Build.0 = Debug|Any CPU
		{D9B2827F-6ECA-4472-9EA8-9C1AD86A7909}.Release|Any CPU.ActiveCfg = Release|Any CPU
		{D9B2827F-6ECA-4472-9EA8-9C1AD86A7909}.Release|Any CPU.Build.0 = Release|Any CPU
	EndGlobalSection
	GlobalSection(SolutionProperties) = preSolution
		HideSolutionNode = FALSE
	EndGlobalSection
	GlobalSection(ExtensibilityGlobals) = postSolution
		SolutionGuid = {144132E1-92D8-4F33-8C93-772ACDCD9220}
	EndGlobalSection
EndGlobal
