
Microsoft Visual Studio Solution File, Format Version 12.00
# Visual Studio Version 17
VisualStudioVersion = 17.13.35913.81 d17.13
MinimumVisualStudioVersion = 10.0.40219.1
Project("{FAE04EC0-301F-11D3-BF4B-00C04F79EFBC}") = "factoralRecursion", "factoralRecursion.csproj", "{C592E7FD-2334-40E4-B4F9-C7A2CD86FE50}"
EndProject
Global
	GlobalSection(SolutionConfigurationPlatforms) = preSolution
		Debug|Any CPU = Debug|Any CPU
		Release|Any CPU = Release|Any CPU
	EndGlobalSection
	GlobalSection(ProjectConfigurationPlatforms) = postSolution
		{C592E7FD-2334-40E4-B4F9-C7A2CD86FE50}.Debug|Any CPU.ActiveCfg = Debug|Any CPU
		{C592E7FD-2334-40E4-B4F9-C7A2CD86FE50}.Debug|Any CPU.Build.0 = Debug|Any CPU
		{C592E7FD-2334-40E4-B4F9-C7A2CD86FE50}.Release|Any CPU.ActiveCfg = Release|Any CPU
		{C592E7FD-2334-40E4-B4F9-C7A2CD86FE50}.Release|Any CPU.Build.0 = Release|Any CPU
	EndGlobalSection
	GlobalSection(SolutionProperties) = preSolution
		HideSolutionNode = FALSE
	EndGlobalSection
	GlobalSection(ExtensibilityGlobals) = postSolution
		SolutionGuid = {F2BF6544-FD86-4607-B0F5-19FD41E4D29C}
	EndGlobalSection
EndGlobal
