Microsoft Visual Studio Solution File, Format Version 12.00
# Visual Studio Version 17
VisualStudioVersion = 17.5.2.0
MinimumVisualStudioVersion = 10.0.40219.1
Project("{FAE04EC0-301F-11D3-BF4B-00C04F79EFBC}") = "Minesweeper.App", "Minesweeper.App\Minesweeper.App.csproj", "{D084CC04-6B8F-C698-7FAD-6D2CB9D09265}"
EndProject
Global
	GlobalSection(SolutionConfigurationPlatforms) = preSolution
		Debug|Any CPU = Debug|Any CPU
		Release|Any CPU = Release|Any CPU
	EndGlobalSection
	GlobalSection(ProjectConfigurationPlatforms) = postSolution
		{D084CC04-6B8F-C698-7FAD-6D2CB9D09265}.Debug|Any CPU.ActiveCfg = Debug|Any CPU
		{D084CC04-6B8F-C698-7FAD-6D2CB9D09265}.Debug|Any CPU.Build.0 = Debug|Any CPU
		{D084CC04-6B8F-C698-7FAD-6D2CB9D09265}.Release|Any CPU.ActiveCfg = Release|Any CPU
		{D084CC04-6B8F-C698-7FAD-6D2CB9D09265}.Release|Any CPU.Build.0 = Release|Any CPU
	EndGlobalSection
	GlobalSection(SolutionProperties) = preSolution
		HideSolutionNode = FALSE
	EndGlobalSection
	GlobalSection(ExtensibilityGlobals) = postSolution
		SolutionGuid = {2066C83D-6537-452F-8631-70E01870CB88}
	EndGlobalSection
EndGlobal
